
Microsoft Visual Studio Solution File, Format Version 12.00
# Visual Studio Version 17
VisualStudioVersion = 17.14.36616.10 d17.14
MinimumVisualStudioVersion = 10.0.40219.1
Project("{FAE04EC0-301F-11D3-BF4B-00C04F79EFBC}") = "Sorting_and_searching techniques", "Sorting_and_searching techniques.csproj", "{7D79E304-AF07-4835-ACCF-F2CD1E3E9BCF}"
EndProject
Global
	GlobalSection(SolutionConfigurationPlatforms) = preSolution
		Debug|Any CPU = Debug|Any CPU
		Release|Any CPU = Release|Any CPU
	EndGlobalSection
	GlobalSection(ProjectConfigurationPlatforms) = postSolution
		{7D79E304-AF07-4835-ACCF-F2CD1E3E9BCF}.Debug|Any CPU.ActiveCfg = Debug|Any CPU
		{7D79E304-AF07-4835-ACCF-F2CD1E3E9BCF}.Debug|Any CPU.Build.0 = Debug|Any CPU
		{7D79E304-AF07-4835-ACCF-F2CD1E3E9BCF}.Release|Any CPU.ActiveCfg = Release|Any CPU
		{7D79E304-AF07-4835-ACCF-F2CD1E3E9BCF}.Release|Any CPU.Build.0 = Release|Any CPU
	EndGlobalSection
	GlobalSection(SolutionProperties) = preSolution
		HideSolutionNode = FALSE
	EndGlobalSection
	GlobalSection(ExtensibilityGlobals) = postSolution
		SolutionGuid = {F69B6DB9-D848-482A-B38B-5B54262133F5}
	EndGlobalSection
EndGlobal
